
Microsoft Visual Studio Solution File, Format Version 12.00
# Visual Studio Version 17
VisualStudioVersion = 17.1.32210.238
MinimumVisualStudioVersion = 10.0.40219.1
Project("{FAE04EC0-301F-11D3-BF4B-00C04F79EFBC}") = "Lab2", "Lab2.csproj", "{80013D2D-680D-44F4-B601-7FE916C10ADD}"
EndProject
Global
	GlobalSection(SolutionConfigurationPlatforms) = preSolution
		Debug|Any CPU = Debug|Any CPU
		Release|Any CPU = Release|Any CPU
	EndGlobalSection
	GlobalSection(ProjectConfigurationPlatforms) = postSolution
		{80013D2D-680D-44F4-B601-7FE916C10ADD}.Debug|Any CPU.ActiveCfg = Debug|Any CPU
		{80013D2D-680D-44F4-B601-7FE916C10ADD}.Debug|Any CPU.Build.0 = Debug|Any CPU
		{80013D2D-680D-44F4-B601-7FE916C10ADD}.Release|Any CPU.ActiveCfg = Release|Any CPU
		{80013D2D-680D-44F4-B601-7FE916C10ADD}.Release|Any CPU.Build.0 = Release|Any CPU
	EndGlobalSection
	GlobalSection(SolutionProperties) = preSolution
		HideSolutionNode = FALSE
	EndGlobalSection
	GlobalSection(ExtensibilityGlobals) = postSolution
		SolutionGuid = {3F68C198-74B9-48D2-8424-DDD72F3E161A}
	EndGlobalSection
EndGlobal
